
Microsoft Visual Studio Solution File, Format Version 12.00
# Visual Studio 2013
VisualStudioVersion = 12.0.40629.0
MinimumVisualStudioVersion = 10.0.40219.1
Project("{FAE04EC0-301F-11D3-BF4B-00C04F79EFBC}") = "XamFormsTestApp", "XamFormsTestApp\XamFormsTestApp.csproj", "{1EC2A4E9-5411-45B5-8EA8-99012BBEBAC1}"
EndProject
Project("{FAE04EC0-301F-11D3-BF4B-00C04F79EFBC}") = "XamFormsTestApp.iOS", "XamFormsTestApp.iOS\XamFormsTestApp.iOS.csproj", "{7C05D5AC-CC70-4139-A95D-0503ED7E7A1D}"
EndProject
Project("{FAE04EC0-301F-11D3-BF4B-00C04F79EFBC}") = "XamFormsTestApp.Droid", "XamFormsTestApp.Droid\XamFormsTestApp.Droid.csproj", "{D829E9E8-28F8-4A81-A26A-5617FAF1837E}"
EndProject
Project("{FAE04EC0-301F-11D3-BF4B-00C04F79EFBC}") = "XamFormsTestApp.Data", "XamFormsTestApp.Data\XamFormsTestApp.Data.csproj", "{67F9D3A8-F71E-4428-913F-C37AE82CDB24}"
EndProject
Global
	GlobalSection(SolutionConfigurationPlatforms) = preSolution
		Ad-Hoc|Any CPU = Ad-Hoc|Any CPU
		Ad-Hoc|iPhone = Ad-Hoc|iPhone
		Ad-Hoc|iPhoneSimulator = Ad-Hoc|iPhoneSimulator
		Ad-Hoc|Mixed Platforms = Ad-Hoc|Mixed Platforms
		AppStore|Any CPU = AppStore|Any CPU
		AppStore|iPhone = AppStore|iPhone
		AppStore|iPhoneSimulator = AppStore|iPhoneSimulator
		AppStore|Mixed Platforms = AppStore|Mixed Platforms
		Debug|Any CPU = Debug|Any CPU
		Debug|iPhone = Debug|iPhone
		Debug|iPhoneSimulator = Debug|iPhoneSimulator
		Debug|Mixed Platforms = Debug|Mixed Platforms
		Release|Any CPU = Release|Any CPU
		Release|iPhone = Release|iPhone
		Release|iPhoneSimulator = Release|iPhoneSimulator
		Release|Mixed Platforms = Release|Mixed Platforms
	EndGlobalSection
	GlobalSection(ProjectConfigurationPlatforms) = postSolution
		{1EC2A4E9-5411-45B5-8EA8-99012BBEBAC1}.Ad-Hoc|Any CPU.ActiveCfg = Release|Any CPU
		{1EC2A4E9-5411-45B5-8EA8-99012BBEBAC1}.Ad-Hoc|Any CPU.Build.0 = Release|Any CPU
		{1EC2A4E9-5411-45B5-8EA8-99012BBEBAC1}.Ad-Hoc|iPhone.ActiveCfg = Release|Any CPU
		{1EC2A4E9-5411-45B5-8EA8-99012BBEBAC1}.Ad-Hoc|iPhoneSimulator.ActiveCfg = Release|Any CPU
		{1EC2A4E9-5411-45B5-8EA8-99012BBEBAC1}.Ad-Hoc|Mixed Platforms.ActiveCfg = Release|Any CPU
		{1EC2A4E9-5411-45B5-8EA8-99012BBEBAC1}.Ad-Hoc|Mixed Platforms.Build.0 = Release|Any CPU
		{1EC2A4E9-5411-45B5-8EA8-99012BBEBAC1}.AppStore|Any CPU.ActiveCfg = Release|Any CPU
		{1EC2A4E9-5411-45B5-8EA8-99012BBEBAC1}.AppStore|Any CPU.Build.0 = Release|Any CPU
		{1EC2A4E9-5411-45B5-8EA8-99012BBEBAC1}.AppStore|iPhone.ActiveCfg = Release|Any CPU
		{1EC2A4E9-5411-45B5-8EA8-99012BBEBAC1}.AppStore|iPhoneSimulator.ActiveCfg = Release|Any CPU
		{1EC2A4E9-5411-45B5-8EA8-99012BBEBAC1}.AppStore|Mixed Platforms.ActiveCfg = Release|Any CPU
		{1EC2A4E9-5411-45B5-8EA8-99012BBEBAC1}.AppStore|Mixed Platforms.Build.0 = Release|Any CPU
		{1EC2A4E9-5411-45B5-8EA8-99012BBEBAC1}.Debug|Any CPU.ActiveCfg = Debug|Any CPU
		{1EC2A4E9-5411-45B5-8EA8-99012BBEBAC1}.Debug|Any CPU.Build.0 = Debug|Any CPU
		{1EC2A4E9-5411-45B5-8EA8-99012BBEBAC1}.Debug|iPhone.ActiveCfg = Debug|Any CPU
		{1EC2A4E9-5411-45B5-8EA8-99012BBEBAC1}.Debug|iPhoneSimulator.ActiveCfg = Debug|Any CPU
		{1EC2A4E9-5411-45B5-8EA8-99012BBEBAC1}.Debug|Mixed Platforms.ActiveCfg = Debug|Any CPU
		{1EC2A4E9-5411-45B5-8EA8-99012BBEBAC1}.Debug|Mixed Platforms.Build.0 = Debug|Any CPU
		{1EC2A4E9-5411-45B5-8EA8-99012BBEBAC1}.Release|Any CPU.ActiveCfg = Release|Any CPU
		{1EC2A4E9-5411-45B5-8EA8-99012BBEBAC1}.Release|Any CPU.Build.0 = Release|Any CPU
		{1EC2A4E9-5411-45B5-8EA8-99012BBEBAC1}.Release|iPhone.ActiveCfg = Release|Any CPU
		{1EC2A4E9-5411-45B5-8EA8-99012BBEBAC1}.Release|iPhoneSimulator.ActiveCfg = Release|Any CPU
		{1EC2A4E9-5411-45B5-8EA8-99012BBEBAC1}.Release|Mixed Platforms.ActiveCfg = Release|Any CPU
		{1EC2A4E9-5411-45B5-8EA8-99012BBEBAC1}.Release|Mixed Platforms.Build.0 = Release|Any CPU
		{7C05D5AC-CC70-4139-A95D-0503ED7E7A1D}.Ad-Hoc|Any CPU.ActiveCfg = Ad-Hoc|iPhone
		{7C05D5AC-CC70-4139-A95D-0503ED7E7A1D}.Ad-Hoc|iPhone.ActiveCfg = Ad-Hoc|iPhone
		{7C05D5AC-CC70-4139-A95D-0503ED7E7A1D}.Ad-Hoc|iPhone.Build.0 = Ad-Hoc|iPhone
		{7C05D5AC-CC70-4139-A95D-0503ED7E7A1D}.Ad-Hoc|iPhoneSimulator.ActiveCfg = Ad-Hoc|iPhoneSimulator
		{7C05D5AC-CC70-4139-A95D-0503ED7E7A1D}.Ad-Hoc|iPhoneSimulator.Build.0 = Ad-Hoc|iPhoneSimulator
		{7C05D5AC-CC70-4139-A95D-0503ED7E7A1D}.Ad-Hoc|Mixed Platforms.ActiveCfg = Ad-Hoc|iPhone
		{7C05D5AC-CC70-4139-A95D-0503ED7E7A1D}.Ad-Hoc|Mixed Platforms.Build.0 = Ad-Hoc|iPhone
		{7C05D5AC-CC70-4139-A95D-0503ED7E7A1D}.AppStore|Any CPU.ActiveCfg = AppStore|iPhone
		{7C05D5AC-CC70-4139-A95D-0503ED7E7A1D}.AppStore|iPhone.ActiveCfg = AppStore|iPhone
		{7C05D5AC-CC70-4139-A95D-0503ED7E7A1D}.AppStore|iPhone.Build.0 = AppStore|iPhone
		{7C05D5AC-CC70-4139-A95D-0503ED7E7A1D}.AppStore|iPhoneSimulator.ActiveCfg = AppStore|iPhoneSimulator
		{7C05D5AC-CC70-4139-A95D-0503ED7E7A1D}.AppStore|iPhoneSimulator.Build.0 = AppStore|iPhoneSimulator
		{7C05D5AC-CC70-4139-A95D-0503ED7E7A1D}.AppStore|Mixed Platforms.ActiveCfg = AppStore|iPhone
		{7C05D5AC-CC70-4139-A95D-0503ED7E7A1D}.AppStore|Mixed Platforms.Build.0 = AppStore|iPhone
		{7C05D5AC-CC70-4139-A95D-0503ED7E7A1D}.Debug|Any CPU.ActiveCfg = Debug|iPhone
		{7C05D5AC-CC70-4139-A95D-0503ED7E7A1D}.Debug|iPhone.ActiveCfg = Debug|iPhone
		{7C05D5AC-CC70-4139-A95D-0503ED7E7A1D}.Debug|iPhone.Build.0 = Debug|iPhone
		{7C05D5AC-CC70-4139-A95D-0503ED7E7A1D}.Debug|iPhoneSimulator.ActiveCfg = Debug|iPhoneSimulator
		{7C05D5AC-CC70-4139-A95D-0503ED7E7A1D}.Debug|iPhoneSimulator.Build.0 = Debug|iPhoneSimulator
		{7C05D5AC-CC70-4139-A95D-0503ED7E7A1D}.Debug|Mixed Platforms.ActiveCfg = Debug|iPhone
		{7C05D5AC-CC70-4139-A95D-0503ED7E7A1D}.Debug|Mixed Platforms.Build.0 = Debug|iPhone
		{7C05D5AC-CC70-4139-A95D-0503ED7E7A1D}.Release|Any CPU.ActiveCfg = Release|iPhone
		{7C05D5AC-CC70-4139-A95D-0503ED7E7A1D}.Release|iPhone.ActiveCfg = Release|iPhone
		{7C05D5AC-CC70-4139-A95D-0503ED7E7A1D}.Release|iPhone.Build.0 = Release|iPhone
		{7C05D5AC-CC70-4139-A95D-0503ED7E7A1D}.Release|iPhoneSimulator.ActiveCfg = Release|iPhoneSimulator
		{7C05D5AC-CC70-4139-A95D-0503ED7E7A1D}.Release|iPhoneSimulator.Build.0 = Release|iPhoneSimulator
		{7C05D5AC-CC70-4139-A95D-0503ED7E7A1D}.Release|Mixed Platforms.ActiveCfg = Release|iPhone
		{7C05D5AC-CC70-4139-A95D-0503ED7E7A1D}.Release|Mixed Platforms.Build.0 = Release|iPhone
		{D829E9E8-28F8-4A81-A26A-5617FAF1837E}.Ad-Hoc|Any CPU.ActiveCfg = Release|Any CPU
		{D829E9E8-28F8-4A81-A26A-5617FAF1837E}.Ad-Hoc|Any CPU.Build.0 = Release|Any CPU
		{D829E9E8-28F8-4A81-A26A-5617FAF1837E}.Ad-Hoc|Any CPU.Deploy.0 = Release|Any CPU
		{D829E9E8-28F8-4A81-A26A-5617FAF1837E}.Ad-Hoc|iPhone.ActiveCfg = Release|Any CPU
		{D829E9E8-28F8-4A81-A26A-5617FAF1837E}.Ad-Hoc|iPhoneSimulator.ActiveCfg = Release|Any CPU
		{D829E9E8-28F8-4A81-A26A-5617FAF1837E}.Ad-Hoc|Mixed Platforms.ActiveCfg = Release|Any CPU
		{D829E9E8-28F8-4A81-A26A-5617FAF1837E}.Ad-Hoc|Mixed Platforms.Build.0 = Release|Any CPU
		{D829E9E8-28F8-4A81-A26A-5617FAF1837E}.Ad-Hoc|Mixed Platforms.Deploy.0 = Release|Any CPU
		{D829E9E8-28F8-4A81-A26A-5617FAF1837E}.AppStore|Any CPU.ActiveCfg = Release|Any CPU
		{D829E9E8-28F8-4A81-A26A-5617FAF1837E}.AppStore|Any CPU.Build.0 = Release|Any CPU
		{D829E9E8-28F8-4A81-A26A-5617FAF1837E}.AppStore|Any CPU.Deploy.0 = Release|Any CPU
		{D829E9E8-28F8-4A81-A26A-5617FAF1837E}.AppStore|iPhone.ActiveCfg = Release|Any CPU
		{D829E9E8-28F8-4A81-A26A-5617FAF1837E}.AppStore|iPhoneSimulator.ActiveCfg = Release|Any CPU
		{D829E9E8-28F8-4A81-A26A-5617FAF1837E}.AppStore|Mixed Platforms.ActiveCfg = Release|Any CPU
		{D829E9E8-28F8-4A81-A26A-5617FAF1837E}.AppStore|Mixed Platforms.Build.0 = Release|Any CPU
		{D829E9E8-28F8-4A81-A26A-5617FAF1837E}.AppStore|Mixed Platforms.Deploy.0 = Release|Any CPU
		{D829E9E8-28F8-4A81-A26A-5617FAF1837E}.Debug|Any CPU.ActiveCfg = Debug|Any CPU
		{D829E9E8-28F8-4A81-A26A-5617FAF1837E}.Debug|Any CPU.Build.0 = Debug|Any CPU
		{D829E9E8-28F8-4A81-A26A-5617FAF1837E}.Debug|Any CPU.Deploy.0 = Debug|Any CPU
		{D829E9E8-28F8-4A81-A26A-5617FAF1837E}.Debug|iPhone.ActiveCfg = Debug|Any CPU
		{D829E9E8-28F8-4A81-A26A-5617FAF1837E}.Debug|iPhoneSimulator.ActiveCfg = Debug|Any CPU
		{D829E9E8-28F8-4A81-A26A-5617FAF1837E}.Debug|Mixed Platforms.ActiveCfg = Debug|Any CPU
		{D829E9E8-28F8-4A81-A26A-5617FAF1837E}.Debug|Mixed Platforms.Build.0 = Debug|Any CPU
		{D829E9E8-28F8-4A81-A26A-5617FAF1837E}.Debug|Mixed Platforms.Deploy.0 = Debug|Any CPU
		{D829E9E8-28F8-4A81-A26A-5617FAF1837E}.Release|Any CPU.ActiveCfg = Release|Any CPU
		{D829E9E8-28F8-4A81-A26A-5617FAF1837E}.Release|Any CPU.Build.0 = Release|Any CPU
		{D829E9E8-28F8-4A81-A26A-5617FAF1837E}.Release|Any CPU.Deploy.0 = Release|Any CPU
		{D829E9E8-28F8-4A81-A26A-5617FAF1837E}.Release|iPhone.ActiveCfg = Release|Any CPU
		{D829E9E8-28F8-4A81-A26A-5617FAF1837E}.Release|iPhoneSimulator.ActiveCfg = Release|Any CPU
		{D829E9E8-28F8-4A81-A26A-5617FAF1837E}.Release|Mixed Platforms.ActiveCfg = Release|Any CPU
		{D829E9E8-28F8-4A81-A26A-5617FAF1837E}.Release|Mixed Platforms.Build.0 = Release|Any CPU
		{D829E9E8-28F8-4A81-A26A-5617FAF1837E}.Release|Mixed Platforms.Deploy.0 = Release|Any CPU
		{67F9D3A8-F71E-4428-913F-C37AE82CDB24}.Ad-Hoc|Any CPU.ActiveCfg = Release|Any CPU
		{67F9D3A8-F71E-4428-913F-C37AE82CDB24}.Ad-Hoc|Any CPU.Build.0 = Release|Any CPU
		{67F9D3A8-F71E-4428-913F-C37AE82CDB24}.Ad-Hoc|iPhone.ActiveCfg = Release|Any CPU
		{67F9D3A8-F71E-4428-913F-C37AE82CDB24}.Ad-Hoc|iPhoneSimulator.ActiveCfg = Release|Any CPU
		{67F9D3A8-F71E-4428-913F-C37AE82CDB24}.Ad-Hoc|Mixed Platforms.ActiveCfg = Release|Any CPU
		{67F9D3A8-F71E-4428-913F-C37AE82CDB24}.Ad-Hoc|Mixed Platforms.Build.0 = Release|Any CPU
		{67F9D3A8-F71E-4428-913F-C37AE82CDB24}.AppStore|Any CPU.ActiveCfg = Release|Any CPU
		{67F9D3A8-F71E-4428-913F-C37AE82CDB24}.AppStore|Any CPU.Build.0 = Release|Any CPU
		{67F9D3A8-F71E-4428-913F-C37AE82CDB24}.AppStore|iPhone.ActiveCfg = Release|Any CPU
		{67F9D3A8-F71E-4428-913F-C37AE82CDB24}.AppStore|iPhoneSimulator.ActiveCfg = Release|Any CPU
		{67F9D3A8-F71E-4428-913F-C37AE82CDB24}.AppStore|Mixed Platforms.ActiveCfg = Release|Any CPU
		{67F9D3A8-F71E-4428-913F-C37AE82CDB24}.AppStore|Mixed Platforms.Build.0 = Release|Any CPU
		{67F9D3A8-F71E-4428-913F-C37AE82CDB24}.Debug|Any CPU.ActiveCfg = Debug|Any CPU
		{67F9D3A8-F71E-4428-913F-C37AE82CDB24}.Debug|Any CPU.Build.0 = Debug|Any CPU
		{67F9D3A8-F71E-4428-913F-C37AE82CDB24}.Debug|iPhone.ActiveCfg = Debug|Any CPU
		{67F9D3A8-F71E-4428-913F-C37AE82CDB24}.Debug|iPhoneSimulator.ActiveCfg = Debug|Any CPU
		{67F9D3A8-F71E-4428-913F-C37AE82CDB24}.Debug|Mixed Platforms.ActiveCfg = Debug|Any CPU
		{67F9D3A8-F71E-4428-913F-C37AE82CDB24}.Debug|Mixed Platforms.Build.0 = Debug|Any CPU
		{67F9D3A8-F71E-4428-913F-C37AE82CDB24}.Release|Any CPU.ActiveCfg = Release|Any CPU
		{67F9D3A8-F71E-4428-913F-C37AE82CDB24}.Release|Any CPU.Build.0 = Release|Any CPU
		{67F9D3A8-F71E-4428-913F-C37AE82CDB24}.Release|iPhone.ActiveCfg = Release|Any CPU
		{67F9D3A8-F71E-4428-913F-C37AE82CDB24}.Release|iPhoneSimulator.ActiveCfg = Release|Any CPU
		{67F9D3A8-F71E-4428-913F-C37AE82CDB24}.Release|Mixed Platforms.ActiveCfg = Release|Any CPU
		{67F9D3A8-F71E-4428-913F-C37AE82CDB24}.Release|Mixed Platforms.Build.0 = Release|Any CPU
	EndGlobalSection
	GlobalSection(SolutionProperties) = preSolution
		HideSolutionNode = FALSE
	EndGlobalSection
EndGlobal
